
Microsoft Visual Studio Solution File, Format Version 12.00
# Visual Studio 14
VisualStudioVersion = 14.0.24720.0
MinimumVisualStudioVersion = 10.0.40219.1
Project("{FAE04EC0-301F-11D3-BF4B-00C04F79EFBC}") = "DotNetMvcSpa", "DotNetMvcSpa\DotNetMvcSpa.csproj", "{928A3957-F696-48CC-B270-0C04C05B7086}"
EndProject
Project("{FAE04EC0-301F-11D3-BF4B-00C04F79EFBC}") = "DataAccessLayer", "DataAccessLayer\DataAccessLayer.csproj", "{A38516DD-F74F-43CA-AA45-BA8CF689144F}"
EndProject
Project("{FAE04EC0-301F-11D3-BF4B-00C04F79EFBC}") = "Common", "Common\Common.csproj", "{92E43ABF-A9AB-47F7-87BA-E3C5BAB2BD01}"
EndProject
Global
	GlobalSection(SolutionConfigurationPlatforms) = preSolution
		Debug|Any CPU = Debug|Any CPU
		Release|Any CPU = Release|Any CPU
	EndGlobalSection
	GlobalSection(ProjectConfigurationPlatforms) = postSolution
		{928A3957-F696-48CC-B270-0C04C05B7086}.Debug|Any CPU.ActiveCfg = Debug|Any CPU
		{928A3957-F696-48CC-B270-0C04C05B7086}.Debug|Any CPU.Build.0 = Debug|Any CPU
		{928A3957-F696-48CC-B270-0C04C05B7086}.Release|Any CPU.ActiveCfg = Release|Any CPU
		{928A3957-F696-48CC-B270-0C04C05B7086}.Release|Any CPU.Build.0 = Release|Any CPU
		{A38516DD-F74F-43CA-AA45-BA8CF689144F}.Debug|Any CPU.ActiveCfg = Debug|Any CPU
		{A38516DD-F74F-43CA-AA45-BA8CF689144F}.Debug|Any CPU.Build.0 = Debug|Any CPU
		{A38516DD-F74F-43CA-AA45-BA8CF689144F}.Release|Any CPU.ActiveCfg = Release|Any CPU
		{A38516DD-F74F-43CA-AA45-BA8CF689144F}.Release|Any CPU.Build.0 = Release|Any CPU
		{92E43ABF-A9AB-47F7-87BA-E3C5BAB2BD01}.Debug|Any CPU.ActiveCfg = Debug|Any CPU
		{92E43ABF-A9AB-47F7-87BA-E3C5BAB2BD01}.Debug|Any CPU.Build.0 = Debug|Any CPU
		{92E43ABF-A9AB-47F7-87BA-E3C5BAB2BD01}.Release|Any CPU.ActiveCfg = Release|Any CPU
		{92E43ABF-A9AB-47F7-87BA-E3C5BAB2BD01}.Release|Any CPU.Build.0 = Release|Any CPU
	EndGlobalSection
	GlobalSection(SolutionProperties) = preSolution
		HideSolutionNode = FALSE
	EndGlobalSection
EndGlobal
